Microsoft Visual Studio Solution File, Format Version 12.00
# Visual Studio 15
VisualStudioVersion = 15.0.26730.10
MinimumVisualStudioVersion = 10.0.40219.1
Project("{9A19103F-16F7-4668-BE54-9A1E7A4F7556}") = "Sql.Entity.Data.Core.Framework.SampleApi", "src\Sql.Entity.Data.Core.Framework.SampleApi\Sql.Entity.Data.Core.Framework.SampleApi.csproj", "{E9C1A084-DA9F-49F8-9663-B897F2ABC553}"
EndProject
Project("{2150E333-8FDC-42A3-9474-1A3956D46DE8}") = "src", "src", "{5AD9D2FB-1E0B-4CC6-84D8-90AE03389AF7}"
EndProject
Project("{2150E333-8FDC-42A3-9474-1A3956D46DE8}") = "test", "test", "{66EFD6FD-A0DE-46F8-A7B4-4C61B570AE29}"
EndProject
Global
	GlobalSection(SolutionConfigurationPlatforms) = preSolution
		Debug|Any CPU = Debug|Any CPU
		Release|Any CPU = Release|Any CPU
	EndGlobalSection
	GlobalSection(ProjectConfigurationPlatforms) = postSolution
		{E9C1A084-DA9F-49F8-9663-B897F2ABC553}.Debug|Any CPU.ActiveCfg = Debug|Any CPU
		{E9C1A084-DA9F-49F8-9663-B897F2ABC553}.Debug|Any CPU.Build.0 = Debug|Any CPU
		{E9C1A084-DA9F-49F8-9663-B897F2ABC553}.Release|Any CPU.ActiveCfg = Release|Any CPU
		{E9C1A084-DA9F-49F8-9663-B897F2ABC553}.Release|Any CPU.Build.0 = Release|Any CPU
	EndGlobalSection
	GlobalSection(SolutionProperties) = preSolution
		HideSolutionNode = FALSE
	EndGlobalSection
	GlobalSection(NestedProjects) = preSolution
		{E9C1A084-DA9F-49F8-9663-B897F2ABC553} = {5AD9D2FB-1E0B-4CC6-84D8-90AE03389AF7}
	EndGlobalSection
	GlobalSection(ExtensibilityGlobals) = postSolution
		SolutionGuid = {953320A7-FEEC-44EC-BAE0-F725DEFC5CDD}
	EndGlobalSection
EndGlobal
